
Microsoft Visual Studio Solution File, Format Version 12.00
# Visual Studio Version 17
VisualStudioVersion = 17.3.32929.385
MinimumVisualStudioVersion = 10.0.40219.1
Project("{FAE04EC0-301F-11D3-BF4B-00C04F79EFBC}") = "DevReviews.Core", "DevReviews.Core\DevReviews.Core.csproj", "{B020835F-2CD5-43DD-8D77-7761A5477BD4}"
EndProject
Project("{FAE04EC0-301F-11D3-BF4B-00C04F79EFBC}") = "DevReviews.Application", "DevReviews.Application\DevReviews.Application.csproj", "{E62BB16A-F5C0-42D6-A9A6-408881624733}"
EndProject
Project("{FAE04EC0-301F-11D3-BF4B-00C04F79EFBC}") = "DevReviews.Infrastructure", "DevReviews.Infrastructure\DevReviews.Infrastructure.csproj", "{A68C65A1-9C2F-4B29-A6B9-AC8E3A9FC1C8}"
EndProject
Project("{FAE04EC0-301F-11D3-BF4B-00C04F79EFBC}") = "DevReviews.API", "DevReviews.API\DevReviews.API.csproj", "{A8DE490C-F06E-4118-9BF3-3071C5233052}"
EndProject
Global
	GlobalSection(SolutionConfigurationPlatforms) = preSolution
		Debug|Any CPU = Debug|Any CPU
		Release|Any CPU = Release|Any CPU
	EndGlobalSection
	GlobalSection(ProjectConfigurationPlatforms) = postSolution
		{B020835F-2CD5-43DD-8D77-7761A5477BD4}.Debug|Any CPU.ActiveCfg = Debug|Any CPU
		{B020835F-2CD5-43DD-8D77-7761A5477BD4}.Debug|Any CPU.Build.0 = Debug|Any CPU
		{B020835F-2CD5-43DD-8D77-7761A5477BD4}.Release|Any CPU.ActiveCfg = Release|Any CPU
		{B020835F-2CD5-43DD-8D77-7761A5477BD4}.Release|Any CPU.Build.0 = Release|Any CPU
		{E62BB16A-F5C0-42D6-A9A6-408881624733}.Debug|Any CPU.ActiveCfg = Debug|Any CPU
		{E62BB16A-F5C0-42D6-A9A6-408881624733}.Debug|Any CPU.Build.0 = Debug|Any CPU
		{E62BB16A-F5C0-42D6-A9A6-408881624733}.Release|Any CPU.ActiveCfg = Release|Any CPU
		{E62BB16A-F5C0-42D6-A9A6-408881624733}.Release|Any CPU.Build.0 = Release|Any CPU
		{A68C65A1-9C2F-4B29-A6B9-AC8E3A9FC1C8}.Debug|Any CPU.ActiveCfg = Debug|Any CPU
		{A68C65A1-9C2F-4B29-A6B9-AC8E3A9FC1C8}.Debug|Any CPU.Build.0 = Debug|Any CPU
		{A68C65A1-9C2F-4B29-A6B9-AC8E3A9FC1C8}.Release|Any CPU.ActiveCfg = Release|Any CPU
		{A68C65A1-9C2F-4B29-A6B9-AC8E3A9FC1C8}.Release|Any CPU.Build.0 = Release|Any CPU
		{A8DE490C-F06E-4118-9BF3-3071C5233052}.Debug|Any CPU.ActiveCfg = Debug|Any CPU
		{A8DE490C-F06E-4118-9BF3-3071C5233052}.Debug|Any CPU.Build.0 = Debug|Any CPU
		{A8DE490C-F06E-4118-9BF3-3071C5233052}.Release|Any CPU.ActiveCfg = Release|Any CPU
		{A8DE490C-F06E-4118-9BF3-3071C5233052}.Release|Any CPU.Build.0 = Release|Any CPU
	EndGlobalSection
	GlobalSection(SolutionProperties) = preSolution
		HideSolutionNode = FALSE
	EndGlobalSection
	GlobalSection(ExtensibilityGlobals) = postSolution
		SolutionGuid = {35C9E510-1154-41EE-A3B5-EA62FEDCADD6}
	EndGlobalSection
EndGlobal
